
Microsoft Visual Studio Solution File, Format Version 12.00
# Visual Studio Version 17
VisualStudioVersion = 17.14.36327.8 d17.14
MinimumVisualStudioVersion = 10.0.40219.1
Project("{FAE04EC0-301F-11D3-BF4B-00C04F79EFBC}") = "SuperCuperHraSMilionemTypuNepratel", "SuperCuperHraSMilionemTypuNepratel\SuperCuperHraSMilionemTypuNepratel.csproj", "{24DB70C4-EB1C-4639-B666-13A17AC4BA7A}"
EndProject
Global
	GlobalSection(SolutionConfigurationPlatforms) = preSolution
		Debug|Any CPU = Debug|Any CPU
		Release|Any CPU = Release|Any CPU
	EndGlobalSection
	GlobalSection(ProjectConfigurationPlatforms) = postSolution
		{24DB70C4-EB1C-4639-B666-13A17AC4BA7A}.Debug|Any CPU.ActiveCfg = Debug|Any CPU
		{24DB70C4-EB1C-4639-B666-13A17AC4BA7A}.Debug|Any CPU.Build.0 = Debug|Any CPU
		{24DB70C4-EB1C-4639-B666-13A17AC4BA7A}.Release|Any CPU.ActiveCfg = Release|Any CPU
		{24DB70C4-EB1C-4639-B666-13A17AC4BA7A}.Release|Any CPU.Build.0 = Release|Any CPU
	EndGlobalSection
	GlobalSection(SolutionProperties) = preSolution
		HideSolutionNode = FALSE
	EndGlobalSection
	GlobalSection(ExtensibilityGlobals) = postSolution
		SolutionGuid = {3E6B2005-64E6-4118-985E-678ABC196495}
	EndGlobalSection
EndGlobal
